// !$*UTF8*$!
{
	archiveVersion = 1;
	classes = {
	};
	objectVersion = 46;
	objects = {

/* Begin PBXBuildFile section */
		2D80B9321A84F80E004B19A3 /* AppDelegate.swift in Sources */ = {isa = PBXBuildFile; fileRef = 2D80B9311A84F80E004B19A3 /* AppDelegate.swift */; };
		2D80B9341A84F80E004B19A3 /* ViewController.swift in Sources */ = {isa = PBXBuildFile; fileRef = 2D80B9331A84F80E004B19A3 /* ViewController.swift */; };
		2D80B9371A84F80E004B19A3 /* Main.storyboard in Resources */ = {isa = PBXBuildFile; fileRef = 2D80B9351A84F80E004B19A3 /* Main.storyboard */; };
		2D80B9391A84F80E004B19A3 /* Images.xcassets in Resources */ = {isa = PBXBuildFile; fileRef = 2D80B9381A84F80E004B19A3 /* Images.xcassets */; };
		2D80B93C1A84F80E004B19A3 /* LaunchScreen.xib in Resources */ = {isa = PBXBuildFile; fileRef = 2D80B93A1A84F80E004B19A3 /* LaunchScreen.xib */; };
		2D80B9481A84F80F004B19A3 /* HMB_Bluetooth_ControllerTests.swift in Sources */ = {isa = PBXBuildFile; fileRef = 2D80B9471A84F80F004B19A3 /* HMB_Bluetooth_ControllerTests.swift */; };
		2D80B9541A84FD09004B19A3 /* HomeVC.swift in Sources */ = {isa = PBXBuildFile; fileRef = 2D80B9531A84FD09004B19A3 /* HomeVC.swift */; };
/* End PBXBuildFile section */

/* Begin PBXContainerItemProxy section */
		2D80B9421A84F80F004B19A3 /* PBXContainerItemProxy */ = {
			isa = PBXContainerItemProxy;
			containerPortal = 2D80B9241A84F80E004B19A3 /* Project object */;
			proxyType = 1;
			remoteGlobalIDString = 2D80B92B1A84F80E004B19A3;
			remoteInfo = "HMB Bluetooth Controller";
		};
/* End PBXContainerItemProxy section */

/* Begin PBXFileReference section */
		2D80B92C1A84F80E004B19A3 /* HMB Bluetooth Controller.app */ = {isa = PBXFileReference; explicitFileType = wrapper.application; includeInIndex = 0; path = "HMB Bluetooth Controller.app"; sourceTree = BUILT_PRODUCTS_DIR; };
		2D80B9301A84F80E004B19A3 /* Info.plist */ = {isa = PBXFileReference; lastKnownFileType = text.plist.xml; path = Info.plist; sourceTree = "<group>"; };
		2D80B9311A84F80E004B19A3 /* AppDelegate.swift */ = {isa = PBXFileReference; lastKnownFileType = sourcecode.swift; path = AppDelegate.swift; sourceTree = "<group>"; };
		2D80B9331A84F80E004B19A3 /* ViewController.swift */ = {isa = PBXFileReference; lastKnownFileType = sourcecode.swift; path = ViewController.swift; sourceTree = "<group>"; };
		2D80B9361A84F80E004B19A3 /* Base */ = {isa = PBXFileReference; lastKnownFileType = file.storyboard; name = Base; path = Base.lproj/Main.storyboard; sourceTree = "<group>"; };
		2D80B9381A84F80E004B19A3 /* Images.xcassets */ = {isa = PBXFileReference; lastKnownFileType = folder.assetcatalog; path = Images.xcassets; sourceTree = "<group>"; };
		2D80B93B1A84F80E004B19A3 /* Base */ = {isa = PBXFileReference; lastKnownFileType = file.xib; name = Base; path = Base.lproj/LaunchScreen.xib; sourceTree = "<group>"; };
		2D80B9411A84F80F004B19A3 /* HMB Bluetooth ControllerTests.xctest */ = {isa = PBXFileReference; explicitFileType = wrapper.cfbundle; includeInIndex = 0; path = "HMB Bluetooth ControllerTests.xctest"; sourceTree = BUILT_PRODUCTS_DIR; };
		2D80B9461A84F80F004B19A3 /* Info.plist */ = {isa = PBXFileReference; lastKnownFileType = text.plist.xml; path = Info.plist; sourceTree = "<group>"; };
		2D80B9471A84F80F004B19A3 /* HMB_Bluetooth_ControllerTests.swift */ = {isa = PBXFileReference; lastKnownFileType = sourcecode.swift; path = HMB_Bluetooth_ControllerTests.swift; sourceTree = "<group>"; };
		2D80B9531A84FD09004B19A3 /* HomeVC.swift */ = {isa = PBXFileReference; fileEncoding = 4; lastKnownFileType = sourcecode.swift; path = HomeVC.swift; sourceTree = "<group>"; };
/* End PBXFileReference section */

/* Begin PBXFrameworksBuildPhase section */
		2D80B9291A84F80E004B19A3 /* Frameworks */ = {
			isa = PBXFrameworksBuildPhase;
			buildActionMask = 2147483647;
			files = (
			);
			runOnlyForDeploymentPostprocessing = 0;
		};
		2D80B93E1A84F80F004B19A3 /* Frameworks */ = {
			isa = PBXFrameworksBuildPhase;
			buildActionMask = 2147483647;
			files = (
			);
			runOnlyForDeploymentPostprocessing = 0;
		};
/* End PBXFrameworksBuildPhase section */

/* Begin PBXGroup section */
		2D80B9231A84F80E004B19A3 = {
			isa = PBXGroup;
			children = (
				2D80B92E1A84F80E004B19A3 /* HMB Bluetooth Controller */,
				2D80B9441A84F80F004B19A3 /* HMB Bluetooth ControllerTests */,
				2D80B92D1A84F80E004B19A3 /* Products */,
			);
			sourceTree = "<group>";
		};
		2D80B92D1A84F80E004B19A3 /* Products */ = {
			isa = PBXGroup;
			children = (
				2D80B92C1A84F80E004B19A3 /* HMB Bluetooth Controller.app */,
				2D80B9411A84F80F004B19A3 /* HMB Bluetooth ControllerTests.xctest */,
			);
			name = Products;
			sourceTree = "<group>";
		};
		2D80B92E1A84F80E004B19A3 /* HMB Bluetooth Controller */ = {
			isa = PBXGroup;
			children = (
				2D80B9311A84F80E004B19A3 /* AppDelegate.swift */,
				2D80B9331A84F80E004B19A3 /* ViewController.swift */,
				2D80B9351A84F80E004B19A3 /* Main.storyboard */,
				2D80B9531A84FD09004B19A3 /* HomeVC.swift */,
				2D80B9381A84F80E004B19A3 /* Images.xcassets */,
				2D80B93A1A84F80E004B19A3 /* LaunchScreen.xib */,
				2D80B92F1A84F80E004B19A3 /* Supporting Files */,
			);
			path = "HMB Bluetooth Controller";
			sourceTree = "<group>";
		};
		2D80B92F1A84F80E004B19A3 /* Supporting Files */ = {
			isa = PBXGroup;
			children = (
				2D80B9301A84F80E004B19A3 /* Info.plist */,
			);
			name = "Supporting Files";
			sourceTree = "<group>";
		};
		2D80B9441A84F80F004B19A3 /* HMB Bluetooth ControllerTests */ = {
			isa = PBXGroup;
			children = (
				2D80B9471A84F80F004B19A3 /* HMB_Bluetooth_ControllerTests.swift */,
				2D80B9451A84F80F004B19A3 /* Supporting Files */,
			);
			path = "HMB Bluetooth ControllerTests";
			sourceTree = "<group>";
		};
		2D80B9451A84F80F004B19A3 /* Supporting Files */ = {
			isa = PBXGroup;
			children = (
				2D80B9461A84F80F004B19A3 /* Info.plist */,
			);
			name = "Supporting Files";
			sourceTree = "<group>";
		};
/* End PBXGroup section */

/* Begin PBXNativeTarget section */
		2D80B92B1A84F80E004B19A3 /* HMB Bluetooth Controller */ = {
			isa = PBXNativeTarget;
			buildConfigurationList = 2D80B94B1A84F80F004B19A3 /* Build configuration list for PBXNativeTarget "HMB Bluetooth Controller" */;
			buildPhases = (
				2D80B9281A84F80E004B19A3 /* Sources */,
				2D80B9291A84F80E004B19A3 /* Frameworks */,
				2D80B92A1A84F80E004B19A3 /* Resources */,
			);
			buildRules = (
			);
			dependencies = (
			);
			name = "HMB Bluetooth Controller";
			productName = "HMB Bluetooth Controller";
			productReference = 2D80B92C1A84F80E004B19A3 /* HMB Bluetooth Controller.app */;
			productType = "com.apple.product-type.application";
		};
		2D80B9401A84F80F004B19A3 /* HMB Bluetooth ControllerTests */ = {
			isa = PBXNativeTarget;
			buildConfigurationList = 2D80B94E1A84F80F004B19A3 /* Build configuration list for PBXNativeTarget "HMB Bluetooth ControllerTests" */;
			buildPhases = (
				2D80B93D1A84F80F004B19A3 /* Sources */,
				2D80B93E1A84F80F004B19A3 /* Frameworks */,
				2D80B93F1A84F80F004B19A3 /* Resources */,
			);
			buildRules = (
			);
			dependencies = (
				2D80B9431A84F80F004B19A3 /* PBXTargetDependency */,
			);
			name = "HMB Bluetooth ControllerTests";
			productName = "HMB Bluetooth ControllerTests";
			productReference = 2D80B9411A84F80F004B19A3 /* HMB Bluetooth ControllerTests.xctest */;
			productType = "com.apple.product-type.bundle.unit-test";
		};
/* End PBXNativeTarget section */

/* Begin PBXProject section */
		2D80B9241A84F80E004B19A3 /* Project object */ = {
			isa = PBXProject;
			attributes = {
				LastUpgradeCheck = 0610;
				ORGANIZATIONNAME = PanaCloud;
				TargetAttributes = {
					2D80B92B1A84F80E004B19A3 = {
						CreatedOnToolsVersion = 6.1;
					};
					2D80B9401A84F80F004B19A3 = {
						CreatedOnToolsVersion = 6.1;
						TestTargetID = 2D80B92B1A84F80E004B19A3;
					};
				};
			};
			buildConfigurationList = 2D80B9271A84F80E004B19A3 /* Build configuration list for PBXProject "HMB Bluetooth Controller" */;
			compatibilityVersion = "Xcode 3.2";
			developmentRegion = English;
			hasScannedForEncodings = 0;
			knownRegions = (
				en,
				Base,
			);
			mainGroup = 2D80B9231A84F80E004B19A3;
			productRefGroup = 2D80B92D1A84F80E004B19A3 /* Products */;
			projectDirPath = "";
			projectRoot = "";
			targets = (
				2D80B92B1A84F80E004B19A3 /* HMB Bluetooth Controller */,
				2D80B9401A84F80F004B19A3 /* HMB Bluetooth ControllerTests */,
			);
		};
/* End PBXProject section */

/* Begin PBXResourcesBuildPhase section */
		2D80B92A1A84F80E004B19A3 /* Resources */ = {
			isa = PBXResourcesBuildPhase;
			buildActionMask = 2147483647;
			files = (
				2D80B9371A84F80E004B19A3 /* Main.storyboard in Resources */,
				2D80B93C1A84F80E004B19A3 /* LaunchScreen.xib in Resources */,
				2D80B9391A84F80E004B19A3 /* Images.xcassets in Resources */,
			);
			runOnlyForDeploymentPostprocessing = 0;
		};
		2D80B93F1A84F80F004B19A3 /* Resources */ = {
			isa = PBXResourcesBuildPhase;
			buildActionMask = 2147483647;
			files = (
			);
			runOnlyForDeploymentPostprocessing = 0;
		};
/* End PBXResourcesBuildPhase section */

/* Begin PBXSourcesBuildPhase section */
		2D80B9281A84F80E004B19A3 /* Sources */ = {
			isa = PBXSourcesBuildPhase;
			buildActionMask = 2147483647;
			files = (
				2D80B9541A84FD09004B19A3 /* HomeVC.swift in Sources */,
				2D80B9341A84F80E004B19A3 /* ViewController.swift in Sources */,
				2D80B9321A84F80E004B19A3 /* AppDelegate.swift in Sources */,
			);
			runOnlyForDeploymentPostprocessing = 0;
		};
		2D80B93D1A84F80F004B19A3 /* Sources */ = {
			isa = PBXSourcesBuildPhase;
			buildActionMask = 2147483647;
			files = (
				2D80B9481A84F80F004B19A3 /* HMB_Bluetooth_ControllerTests.swift in Sources */,
			);
			runOnlyForDeploymentPostprocessing = 0;
		};
/* End PBXSourcesBuildPhase section */

/* Begin PBXTargetDependency section */
		2D80B9431A84F80F004B19A3 /* PBXTargetDependency */ = {
			isa = PBXTargetDependency;
			target = 2D80B92B1A84F80E004B19A3 /* HMB Bluetooth Controller */;
			targetProxy = 2D80B9421A84F80F004B19A3 /* PBXContainerItemProxy */;
		};
/* End PBXTargetDependency section */

/* Begin PBXVariantGroup section */
		2D80B9351A84F80E004B19A3 /* Main.storyboard */ = {
			isa = PBXVariantGroup;
			children = (
				2D80B9361A84F80E004B19A3 /* Base */,
			);
			name = Main.storyboard;
			sourceTree = "<group>";
		};
		2D80B93A1A84F80E004B19A3 /* LaunchScreen.xib */ = {
			isa = PBXVariantGroup;
			children = (
				2D80B93B1A84F80E004B19A3 /* Base */,
			);
			name = LaunchScreen.xib;
			sourceTree = "<group>";
		};
/* End PBXVariantGroup section */

/* Begin XCBuildConfiguration section */
		2D80B9491A84F80F004B19A3 /* Debug */ = {
			isa = XCBuildConfiguration;
			buildSettings = {
				ALWAYS_SEARCH_USER_PATHS = NO;
				CLANG_CXX_LANGUAGE_STANDARD = "gnu++0x";
				CLANG_CXX_LIBRARY = "libc++";
				CLANG_ENABLE_MODULES = YES;
				CLANG_ENABLE_OBJC_ARC = YES;
				CLANG_WARN_BOOL_CONVERSION = YES;
				CLANG_WARN_CONSTANT_CONVERSION = YES;
				CLANG_WARN_DIRECT_OBJC_ISA_USAGE = YES_ERROR;
				CLANG_WARN_EMPTY_BODY = YES;
				CLANG_WARN_ENUM_CONVERSION = YES;
				CLANG_WARN_INT_CONVERSION = YES;
				CLANG_WARN_OBJC_ROOT_CLASS = YES_ERROR;
				CLANG_WARN_UNREACHABLE_CODE = YES;
				CLANG_WARN__DUPLICATE_METHOD_MATCH = YES;
				"CODE_SIGN_IDENTITY[sdk=iphoneos*]" = "iPhone Developer";
				COPY_PHASE_STRIP = NO;
				ENABLE_STRICT_OBJC_MSGSEND = YES;
				GCC_C_LANGUAGE_STANDARD = gnu99;
				GCC_DYNAMIC_NO_PIC = NO;
				GCC_OPTIMIZATION_LEVEL = 0;
				GCC_PREPROCESSOR_DEFINITIONS = (
					"DEBUG=1",
					"$(inherited)",
				);
				GCC_SYMBOLS_PRIVATE_EXTERN = NO;
				GCC_WARN_64_TO_32_BIT_CONVERSION = YES;
				GCC_WARN_ABOUT_RETURN_TYPE = YES_ERROR;
				GCC_WARN_UNDECLARED_SELECTOR = YES;
				GCC_WARN_UNINITIALIZED_AUTOS = YES_AGGRESSIVE;
				GCC_WARN_UNUSED_FUNCTION = YES;
				GCC_WARN_UNUSED_VARIABLE = YES;
				IPHONEOS_DEPLOYMENT_TARGET = 8.1;
				MTL_ENABLE_DEBUG_INFO = YES;
				ONLY_ACTIVE_ARCH = YES;
				SDKROOT = iphoneos;
				SWIFT_OPTIMIZATION_LEVEL = "-Onone";
			};
			name = Debug;
		};
		2D80B94A1A84F80F004B19A3 /* Release */ = {
			isa = XCBuildConfiguration;
			buildSettings = {
				ALWAYS_SEARCH_USER_PATHS = NO;
				CLANG_CXX_LANGUAGE_STANDARD = "gnu++0x";
				CLANG_CXX_LIBRARY = "libc++";
				CLANG_ENABLE_MODULES = YES;
				CLANG_ENABLE_OBJC_ARC = YES;
				CLANG_WARN_BOOL_CONVERSION = YES;
				CLANG_WARN_CONSTANT_CONVERSION = YES;
				CLANG_WARN_DIRECT_OBJC_ISA_USAGE = YES_ERROR;
				CLANG_WARN_EMPTY_BODY = YES;
				CLANG_WARN_ENUM_CONVERSION = YES;
				CLANG_WARN_INT_CONVERSION = YES;
				CLANG_WARN_OBJC_ROOT_CLASS = YES_ERROR;
				CLANG_WARN_UNREACHABLE_CODE = YES;
				CLANG_WARN__DUPLICATE_METHOD_MATCH = YES;
				"CODE_SIGN_IDENTITY[sdk=iphoneos*]" = "iPhone Developer";
				COPY_PHASE_STRIP = YES;
				ENABLE_NS_ASSERTIONS = NO;
				ENABLE_STRICT_OBJC_MSGSEND = YES;
				GCC_C_LANGUAGE_STANDARD = gnu99;
				GCC_WARN_64_TO_32_BIT_CONVERSION = YES;
				GCC_WARN_ABOUT_RETURN_TYPE = YES_ERROR;
				GCC_WARN_UNDECLARED_SELECTOR = YES;
				GCC_WARN_UNINITIALIZED_AUTOS = YES_AGGRESSIVE;
				GCC_WARN_UNUSED_FUNCTION = YES;
				GCC_WARN_UNUSED_VARIABLE = YES;
				IPHONEOS_DEPLOYMENT_TARGET = 8.1;
				MTL_ENABLE_DEBUG_INFO = NO;
				SDKROOT = iphoneos;
				VALIDATE_PRODUCT = YES;
			};
			name = Release;
		};
		2D80B94C1A84F80F004B19A3 /* Debug */ = {
			isa = XCBuildConfiguration;
			buildSettings = {
				ASSETCATALOG_COMPILER_APPICON_NAME = AppIcon;
				INFOPLIST_FILE = "HMB Bluetooth Controller/Info.plist";
				LD_RUNPATH_SEARCH_PATHS = "$(inherited) @executable_path/Frameworks";
				PRODUCT_NAME = "$(TARGET_NAME)";
			};
			name = Debug;
		};
		2D80B94D1A84F80F004B19A3 /* Release */ = {
			isa = XCBuildConfiguration;
			buildSettings = {
				ASSETCATALOG_COMPILER_APPICON_NAME = AppIcon;
				INFOPLIST_FILE = "HMB Bluetooth Controller/Info.plist";
				LD_RUNPATH_SEARCH_PATHS = "$(inherited) @executable_path/Frameworks";
				PRODUCT_NAME = "$(TARGET_NAME)";
			};
			name = Release;
		};
		2D80B94F1A84F80F004B19A3 /* Debug */ = {
			isa = XCBuildConfiguration;
			buildSettings = {
				BUNDLE_LOADER = "$(TEST_HOST)";
				FRAMEWORK_SEARCH_PATHS = (
					"$(SDKROOT)/Developer/Library/Frameworks",
					"$(inherited)",
				);
				GCC_PREPROCESSOR_DEFINITIONS = (
					"DEBUG=1",
					"$(inherited)",
				);
				INFOPLIST_FILE = "HMB Bluetooth ControllerTests/Info.plist";
				LD_RUNPATH_SEARCH_PATHS = "$(inherited) @executable_path/Frameworks @loader_path/Frameworks";
				PRODUCT_NAME = "$(TARGET_NAME)";
				TEST_HOST = "$(BUILT_PRODUCTS_DIR)/HMB Bluetooth Controller.app/HMB Bluetooth Controller";
			};
			name = Debug;
		};
		2D80B9501A84F80F004B19A3 /* Release */ = {
			isa = XCBuildConfiguration;
			buildSettings = {
				BUNDLE_LOADER = "$(TEST_HOST)";
				FRAMEWORK_SEARCH_PATHS = (
					"$(SDKROOT)/Developer/Library/Frameworks",
					"$(inherited)",
				);
				INFOPLIST_FILE = "HMB Bluetooth ControllerTests/Info.plist";
				LD_RUNPATH_SEARCH_PATHS = "$(inherited) @executable_path/Frameworks @loader_path/Frameworks";
				PRODUCT_NAME = "$(TARGET_NAME)";
				TEST_HOST = "$(BUILT_PRODUCTS_DIR)/HMB Bluetooth Controller.app/HMB Bluetooth Controller";
			};
			name = Release;
		};
/* End XCBuildConfiguration section */

/* Begin XCConfigurationList section */
		2D80B9271A84F80E004B19A3 /* Build configuration list for PBXProject "HMB Bluetooth Controller" */ = {
			isa = XCConfigurationList;
			buildConfigurations = (
				2D80B9491A84F80F004B19A3 /* Debug */,
				2D80B94A1A84F80F004B19A3 /* Release */,
			);
			defaultConfigurationIsVisible = 0;
			defaultConfigurationName = Release;
		};
		2D80B94B1A84F80F004B19A3 /* Build configuration list for PBXNativeTarget "HMB Bluetooth Controller" */ = {
			isa = XCConfigurationList;
			buildConfigurations = (
				2D80B94C1A84F80F004B19A3 /* Debug */,
				2D80B94D1A84F80F004B19A3 /* Release */,
			);
			defaultConfigurationIsVisible = 0;
		};
		2D80B94E1A84F80F004B19A3 /* Build configuration list for PBXNativeTarget "HMB Bluetooth ControllerTests" */ = {
			isa = XCConfigurationList;
			buildConfigurations = (
				2D80B94F1A84F80F004B19A3 /* Debug */,
				2D80B9501A84F80F004B19A3 /* Release */,
			);
			defaultConfigurationIsVisible = 0;
		};
/* End XCConfigurationList section */
	};
	rootObject = 2D80B9241A84F80E004B19A3 /* Project object */;
}
